
Microsoft Visual Studio Solution File, Format Version 12.00
# Visual Studio Version 16
VisualStudioVersion = 16.0.31424.327
MinimumVisualStudioVersion = 10.0.40219.1
Project("{FAE04EC0-301F-11D3-BF4B-00C04F79EFBC}") = "HW2", "HW2\HW2.csproj", "{6AD9CB04-AEA1-414B-84ED-041BAC60F1A2}"
EndProject
Global
	GlobalSection(SolutionConfigurationPlatforms) = preSolution
		Debug|Any CPU = Debug|Any CPU
		Release|Any CPU = Release|Any CPU
	EndGlobalSection
	GlobalSection(ProjectConfigurationPlatforms) = postSolution
		{6AD9CB04-AEA1-414B-84ED-041BAC60F1A2}.Debug|Any CPU.ActiveCfg = Debug|Any CPU
		{6AD9CB04-AEA1-414B-84ED-041BAC60F1A2}.Debug|Any CPU.Build.0 = Debug|Any CPU
		{6AD9CB04-AEA1-414B-84ED-041BAC60F1A2}.Release|Any CPU.ActiveCfg = Release|Any CPU
		{6AD9CB04-AEA1-414B-84ED-041BAC60F1A2}.Release|Any CPU.Build.0 = Release|Any CPU
	EndGlobalSection
	GlobalSection(SolutionProperties) = preSolution
		HideSolutionNode = FALSE
	EndGlobalSection
	GlobalSection(ExtensibilityGlobals) = postSolution
		SolutionGuid = {8BC28720-086A-48A2-98E2-DA619E4FE16A}
	EndGlobalSection
EndGlobal
